// !$*UTF8*$!
{
	archiveVersion = 1;
	classes = {
	};
	objectVersion = 46;
	objects = {

/* Begin PBXBuildFile section */
		42CA4CEB669B8C471F75306C /* DayRecords+CoreDataProperties.swift in Sources */ = {isa = PBXBuildFile; fileRef = 42CA4D4CF0E3746D427EC396 /* DayRecords+CoreDataProperties.swift */; };
		4B0A999C1C171DE600E1F8E3 /* SettingsTableViewController.swift in Sources */ = {isa = PBXBuildFile; fileRef = 4B0A999B1C171DE600E1F8E3 /* SettingsTableViewController.swift */; };
		4B0A999E1C1723C700E1F8E3 /* SettingsTableViewCell.swift in Sources */ = {isa = PBXBuildFile; fileRef = 4B0A999D1C1723C700E1F8E3 /* SettingsTableViewCell.swift */; };
		4B0A99A01C17256B00E1F8E3 /* SettingsCellDescriptors.plist in Resources */ = {isa = PBXBuildFile; fileRef = 4B0A999F1C17256B00E1F8E3 /* SettingsCellDescriptors.plist */; };
		4B1026861C0EECD800202B95 /* EditRecordViewController.swift in Sources */ = {isa = PBXBuildFile; fileRef = 4B1026851C0EECD800202B95 /* EditRecordViewController.swift */; };
		4B1026881C0EF5EF00202B95 /* TagCollectionViewCell.swift in Sources */ = {isa = PBXBuildFile; fileRef = 4B1026871C0EF5EF00202B95 /* TagCollectionViewCell.swift */; };
		4B10268C1C0EFC7C00202B95 /* EditRecordViewControllerHeader.swift in Sources */ = {isa = PBXBuildFile; fileRef = 4B10268B1C0EFC7C00202B95 /* EditRecordViewControllerHeader.swift */; };
		4B10268E1C0EFC9500202B95 /* EditRecordViewControllerFooter.swift in Sources */ = {isa = PBXBuildFile; fileRef = 4B10268D1C0EFC9500202B95 /* EditRecordViewControllerFooter.swift */; };
		4B1026BC1C1067B300202B95 /* Constants.swift in Sources */ = {isa = PBXBuildFile; fileRef = 4B1026BB1C1067B300202B95 /* Constants.swift */; };
		4B1040D71C4E70CF009E3959 /* Settings.swift in Sources */ = {isa = PBXBuildFile; fileRef = 4B1040D61C4E70CF009E3959 /* Settings.swift */; };
		4B1263701C2E71D900731968 /* RecordSectionHeader.xib in Resources */ = {isa = PBXBuildFile; fileRef = 4B12636F1C2E71D900731968 /* RecordSectionHeader.xib */; };
		4B1263721C2E7DF000731968 /* RecordSectionHeader.swift in Sources */ = {isa = PBXBuildFile; fileRef = 4B1263711C2E7DF000731968 /* RecordSectionHeader.swift */; };
		4B14D34C1C1EB938002FE7D0 /* EditTagTableViewCell.swift in Sources */ = {isa = PBXBuildFile; fileRef = 4B14D34B1C1EB938002FE7D0 /* EditTagTableViewCell.swift */; };
		4B14D34E1C1EB951002FE7D0 /* EditTagTableViewController.swift in Sources */ = {isa = PBXBuildFile; fileRef = 4B14D34D1C1EB951002FE7D0 /* EditTagTableViewController.swift */; };
		4B21099D1C155557001ED0C2 /* Assets.xcassets in Resources */ = {isa = PBXBuildFile; fileRef = 4B21099C1C155557001ED0C2 /* Assets.xcassets */; };
		4B24D05E1C3527DD00E9264A /* MyDataController.swift in Sources */ = {isa = PBXBuildFile; fileRef = 4B24D05D1C3527DD00E9264A /* MyDataController.swift */; };
		4B24D0601C364B1C00E9264A /* Utils.swift in Sources */ = {isa = PBXBuildFile; fileRef = 4B24D05F1C364B1C00E9264A /* Utils.swift */; };
		4B24D0621C3652AC00E9264A /* DayRecordTableViewController.swift in Sources */ = {isa = PBXBuildFile; fileRef = 4B24D0611C3652AC00E9264A /* DayRecordTableViewController.swift */; };
		4B24D0641C3659C200E9264A /* DayRecordTableViewCell.swift in Sources */ = {isa = PBXBuildFile; fileRef = 4B24D0631C3659C200E9264A /* DayRecordTableViewCell.swift */; };
		4B24D0681C36621E00E9264A /* DayRecords.swift in Sources */ = {isa = PBXBuildFile; fileRef = 4B24D0661C36621E00E9264A /* DayRecords.swift */; };
		4B2810411C4F304600724713 /* TagRecordTableViewController.swift in Sources */ = {isa = PBXBuildFile; fileRef = 4B2810401C4F304600724713 /* TagRecordTableViewController.swift */; };
		4B32AC201C7596CD00F898BD /* Bitmap1.png in Resources */ = {isa = PBXBuildFile; fileRef = 4B32AC181C7596CD00F898BD /* Bitmap1.png */; };
		4B32AC211C7596CD00F898BD /* Bitmap2.png in Resources */ = {isa = PBXBuildFile; fileRef = 4B32AC191C7596CD00F898BD /* Bitmap2.png */; };
		4B32AC221C7596CD00F898BD /* Bitmap3.png in Resources */ = {isa = PBXBuildFile; fileRef = 4B32AC1A1C7596CD00F898BD /* Bitmap3.png */; };
		4B32AC231C7596CD00F898BD /* Bitmap4.png in Resources */ = {isa = PBXBuildFile; fileRef = 4B32AC1B1C7596CD00F898BD /* Bitmap4.png */; };
		4B32AC241C7596CD00F898BD /* Bitmap5.png in Resources */ = {isa = PBXBuildFile; fileRef = 4B32AC1C1C7596CD00F898BD /* Bitmap5.png */; };
		4B32AC251C7596CD00F898BD /* Bitmap6.png in Resources */ = {isa = PBXBuildFile; fileRef = 4B32AC1D1C7596CD00F898BD /* Bitmap6.png */; };
		4B32AC261C7596CD00F898BD /* Bitmap7.png in Resources */ = {isa = PBXBuildFile; fileRef = 4B32AC1E1C7596CD00F898BD /* Bitmap7.png */; };
		4B32AC271C7596CD00F898BD /* Bitmap8.png in Resources */ = {isa = PBXBuildFile; fileRef = 4B32AC1F1C7596CD00F898BD /* Bitmap8.png */; };
		4B32BC0C1C5A0CF700139842 /* TableHeader.xib in Resources */ = {isa = PBXBuildFile; fileRef = 4B32BC0B1C5A0CF700139842 /* TableHeader.xib */; };
		4B32BC0E1C5A0D5A00139842 /* TableHeader.swift in Sources */ = {isa = PBXBuildFile; fileRef = 4B32BC0D1C5A0D5A00139842 /* TableHeader.swift */; };
		4B33328F1C66AE7E008525FC /* BalanceTableViewController.swift in Sources */ = {isa = PBXBuildFile; fileRef = 4B33328E1C66AE7E008525FC /* BalanceTableViewController.swift */; };
		4B43B57F1C4E11B2003D0E7C /* PageViewControllerWrapper.swift in Sources */ = {isa = PBXBuildFile; fileRef = 4B43B57E1C4E11B2003D0E7C /* PageViewControllerWrapper.swift */; };
		4B43B5831C4E5C71003D0E7C /* MyPageViewControllerDataSource.swift in Sources */ = {isa = PBXBuildFile; fileRef = 4B43B5821C4E5C71003D0E7C /* MyPageViewControllerDataSource.swift */; };
		4B46FCB01C4231140010EB19 /* ViewRecordViewController.swift in Sources */ = {isa = PBXBuildFile; fileRef = 4B46FCAF1C4231140010EB19 /* ViewRecordViewController.swift */; };
		4B4C9F2A1C195F7100BF2ED4 /* DatePickerViewController.swift in Sources */ = {isa = PBXBuildFile; fileRef = 4B4C9F291C195F7100BF2ED4 /* DatePickerViewController.swift */; };
		4B5021D11C4F6999000E44AA /* Resources.swift in Sources */ = {isa = PBXBuildFile; fileRef = 4B5021D01C4F6999000E44AA /* Resources.swift */; };
		4BB15C4D1C2B859E00D7BD1C /* Tag+CoreDataProperties.swift in Sources */ = {isa = PBXBuildFile; fileRef = 4BB15C4B1C2B859E00D7BD1C /* Tag+CoreDataProperties.swift */; };
		4BB15C4E1C2B859E00D7BD1C /* Tag.swift in Sources */ = {isa = PBXBuildFile; fileRef = 4BB15C4C1C2B859E00D7BD1C /* Tag.swift */; };
		4BB15C511C2B867C00D7BD1C /* Record+CoreDataProperties.swift in Sources */ = {isa = PBXBuildFile; fileRef = 4BB15C4F1C2B867C00D7BD1C /* Record+CoreDataProperties.swift */; };
		4BB15C521C2B867C00D7BD1C /* Record.swift in Sources */ = {isa = PBXBuildFile; fileRef = 4BB15C501C2B867C00D7BD1C /* Record.swift */; };
		4BB15C551C2BC7FC00D7BD1C /* DataModel.xcdatamodeld in Sources */ = {isa = PBXBuildFile; fileRef = 4BB15C531C2BC7FC00D7BD1C /* DataModel.xcdatamodeld */; };
		4BB340891C575A6900F1D647 /* RecordTableViewCellDelegate.swift in Sources */ = {isa = PBXBuildFile; fileRef = 4BB340881C575A6900F1D647 /* RecordTableViewCellDelegate.swift */; };
		4BD1000B1C44E01100CDE826 /* Theme.swift in Sources */ = {isa = PBXBuildFile; fileRef = 4BD1000A1C44E01100CDE826 /* Theme.swift */; };
		4BDBBB291C191E4500F8F5A7 /* PresentDatePickerTransitioningDelegate.swift in Sources */ = {isa = PBXBuildFile; fileRef = 4BDBBB281C191E4500F8F5A7 /* PresentDatePickerTransitioningDelegate.swift */; };
		4BDBBB2B1C191EC100F8F5A7 /* PresentDatePickerPresentationController.swift in Sources */ = {isa = PBXBuildFile; fileRef = 4BDBBB2A1C191EC100F8F5A7 /* PresentDatePickerPresentationController.swift */; };
		4BE20FA21C2D70F600523D70 /* DateSumTableViewCell.swift in Sources */ = {isa = PBXBuildFile; fileRef = 4BE20FA11C2D70F600523D70 /* DateSumTableViewCell.swift */; };
		4BE72E901C1C0D1700F46779 /* PickerViewTableViewCell.swift in Sources */ = {isa = PBXBuildFile; fileRef = 4BE72E8F1C1C0D1700F46779 /* PickerViewTableViewCell.swift */; };
		4BED775C1BD22DD9004DD518 /* AppDelegate.swift in Sources */ = {isa = PBXBuildFile; fileRef = 4BED775B1BD22DD9004DD518 /* AppDelegate.swift */; };
		4BED77611BD22DD9004DD518 /* Main.storyboard in Resources */ = {isa = PBXBuildFile; fileRef = 4BED775F1BD22DD9004DD518 /* Main.storyboard */; };
		4BED77661BD22DD9004DD518 /* LaunchScreen.storyboard in Resources */ = {isa = PBXBuildFile; fileRef = 4BED77641BD22DD9004DD518 /* LaunchScreen.storyboard */; };
		4BED77711BD22DD9004DD518 /* SwiftAccountBookTests.swift in Sources */ = {isa = PBXBuildFile; fileRef = 4BED77701BD22DD9004DD518 /* SwiftAccountBookTests.swift */; };
		4BEFE4AF1C3BACAC006F5006 /* RecordView.xib in Resources */ = {isa = PBXBuildFile; fileRef = 4BEFE4AE1C3BACAC006F5006 /* RecordView.xib */; };
		4BEFE4B31C3BAE21006F5006 /* RecordView.swift in Sources */ = {isa = PBXBuildFile; fileRef = 4BEFE4B21C3BAE21006F5006 /* RecordView.swift */; };
		4BF0F0451C535CB0007F87BA /* MyTabBarViewController.swift in Sources */ = {isa = PBXBuildFile; fileRef = 4BF0F0441C535CB0007F87BA /* MyTabBarViewController.swift */; };
		4BF0F0471C537F2B007F87BA /* InCellSeparator.xib in Resources */ = {isa = PBXBuildFile; fileRef = 4BF0F0461C537F2B007F87BA /* InCellSeparator.xib */; };
		4BFC5D1B1C54C82900F70807 /* TagRecordTableViewCell.swift in Sources */ = {isa = PBXBuildFile; fileRef = 4BFC5D1A1C54C82900F70807 /* TagRecordTableViewCell.swift */; };
/* End PBXBuildFile section */

/* Begin PBXContainerItemProxy section */
		4BED776D1BD22DD9004DD518 /* PBXContainerItemProxy */ = {
			isa = PBXContainerItemProxy;
			containerPortal = 4BED77501BD22DD9004DD518 /* Project object */;
			proxyType = 1;
			remoteGlobalIDString = 4BED77571BD22DD9004DD518;
			remoteInfo = SwiftAccountBook;
		};
/* End PBXContainerItemProxy section */

/* Begin PBXFileReference section */
		42CA4D4CF0E3746D427EC396 /* DayRecords+CoreDataProperties.swift */ = {isa = PBXFileReference; fileEncoding = 4; lastKnownFileType = sourcecode.swift; name = "DayRecords+CoreDataProperties.swift"; path = "SwiftAccountBook/DayRecords+CoreDataProperties.swift"; sourceTree = "<group>"; };
		4B0A999B1C171DE600E1F8E3 /* SettingsTableViewController.swift */ = {isa = PBXFileReference; fileEncoding = 4; lastKnownFileType = sourcecode.swift; path = SettingsTableViewController.swift; sourceTree = "<group>"; };
		4B0A999D1C1723C700E1F8E3 /* SettingsTableViewCell.swift */ = {isa = PBXFileReference; fileEncoding = 4; lastKnownFileType = sourcecode.swift; path = SettingsTableViewCell.swift; sourceTree = "<group>"; };
		4B0A999F1C17256B00E1F8E3 /* SettingsCellDescriptors.plist */ = {isa = PBXFileReference; fileEncoding = 4; lastKnownFileType = text.plist.xml; path = SettingsCellDescriptors.plist; sourceTree = "<group>"; };
		4B1026851C0EECD800202B95 /* EditRecordViewController.swift */ = {isa = PBXFileReference; fileEncoding = 4; lastKnownFileType = sourcecode.swift; lineEnding = 0; path = EditRecordViewController.swift; sourceTree = "<group>"; xcLanguageSpecificationIdentifier = xcode.lang.swift; };
		4B1026871C0EF5EF00202B95 /* TagCollectionViewCell.swift */ = {isa = PBXFileReference; fileEncoding = 4; lastKnownFileType = sourcecode.swift; path = TagCollectionViewCell.swift; sourceTree = "<group>"; };
		4B10268B1C0EFC7C00202B95 /* EditRecordViewControllerHeader.swift */ = {isa = PBXFileReference; fileEncoding = 4; lastKnownFileType = sourcecode.swift; path = EditRecordViewControllerHeader.swift; sourceTree = "<group>"; };
		4B10268D1C0EFC9500202B95 /* EditRecordViewControllerFooter.swift */ = {isa = PBXFileReference; fileEncoding = 4; lastKnownFileType = sourcecode.swift; path = EditRecordViewControllerFooter.swift; sourceTree = "<group>"; };
		4B1026BB1C1067B300202B95 /* Constants.swift */ = {isa = PBXFileReference; fileEncoding = 4; lastKnownFileType = sourcecode.swift; path = Constants.swift; sourceTree = "<group>"; };
		4B1040D61C4E70CF009E3959 /* Settings.swift */ = {isa = PBXFileReference; fileEncoding = 4; lastKnownFileType = sourcecode.swift; path = Settings.swift; sourceTree = "<group>"; };
		4B12636F1C2E71D900731968 /* RecordSectionHeader.xib */ = {isa = PBXFileReference; fileEncoding = 4; lastKnownFileType = file.xib; path = RecordSectionHeader.xib; sourceTree = "<group>"; };
		4B1263711C2E7DF000731968 /* RecordSectionHeader.swift */ = {isa = PBXFileReference; fileEncoding = 4; lastKnownFileType = sourcecode.swift; path = RecordSectionHeader.swift; sourceTree = "<group>"; };
		4B14D34B1C1EB938002FE7D0 /* EditTagTableViewCell.swift */ = {isa = PBXFileReference; fileEncoding = 4; lastKnownFileType = sourcecode.swift; path = EditTagTableViewCell.swift; sourceTree = "<group>"; };
		4B14D34D1C1EB951002FE7D0 /* EditTagTableViewController.swift */ = {isa = PBXFileReference; fileEncoding = 4; lastKnownFileType = sourcecode.swift; path = EditTagTableViewController.swift; sourceTree = "<group>"; };
		4B21099C1C155557001ED0C2 /* Assets.xcassets */ = {isa = PBXFileReference; lastKnownFileType = folder.assetcatalog; path = Assets.xcassets; sourceTree = "<group>"; };
		4B24D05D1C3527DD00E9264A /* MyDataController.swift */ = {isa = PBXFileReference; fileEncoding = 4; lastKnownFileType = sourcecode.swift; name = MyDataController.swift; path = SwiftAccountBook/MyDataController.swift; sourceTree = "<group>"; };
		4B24D05F1C364B1C00E9264A /* Utils.swift */ = {isa = PBXFileReference; fileEncoding = 4; lastKnownFileType = sourcecode.swift; path = Utils.swift; sourceTree = "<group>"; };
		4B24D0611C3652AC00E9264A /* DayRecordTableViewController.swift */ = {isa = PBXFileReference; fileEncoding = 4; lastKnownFileType = sourcecode.swift; path = DayRecordTableViewController.swift; sourceTree = "<group>"; };
		4B24D0631C3659C200E9264A /* DayRecordTableViewCell.swift */ = {isa = PBXFileReference; fileEncoding = 4; lastKnownFileType = sourcecode.swift; path = DayRecordTableViewCell.swift; sourceTree = "<group>"; };
		4B24D0661C36621E00E9264A /* DayRecords.swift */ = {isa = PBXFileReference; fileEncoding = 4; lastKnownFileType = sourcecode.swift; name = DayRecords.swift; path = SwiftAccountBook/DayRecords.swift; sourceTree = "<group>"; };
		4B2810401C4F304600724713 /* TagRecordTableViewController.swift */ = {isa = PBXFileReference; fileEncoding = 4; lastKnownFileType = sourcecode.swift; path = TagRecordTableViewController.swift; sourceTree = "<group>"; };
		4B32AC181C7596CD00F898BD /* Bitmap1.png */ = {isa = PBXFileReference; lastKnownFileType = image.png; path = Bitmap1.png; sourceTree = "<group>"; };
		4B32AC191C7596CD00F898BD /* Bitmap2.png */ = {isa = PBXFileReference; lastKnownFileType = image.png; path = Bitmap2.png; sourceTree = "<group>"; };
		4B32AC1A1C7596CD00F898BD /* Bitmap3.png */ = {isa = PBXFileReference; lastKnownFileType = image.png; path = Bitmap3.png; sourceTree = "<group>"; };
		4B32AC1B1C7596CD00F898BD /* Bitmap4.png */ = {isa = PBXFileReference; lastKnownFileType = image.png; path = Bitmap4.png; sourceTree = "<group>"; };
		4B32AC1C1C7596CD00F898BD /* Bitmap5.png */ = {isa = PBXFileReference; lastKnownFileType = image.png; path = Bitmap5.png; sourceTree = "<group>"; };
		4B32AC1D1C7596CD00F898BD /* Bitmap6.png */ = {isa = PBXFileReference; lastKnownFileType = image.png; path = Bitmap6.png; sourceTree = "<group>"; };
		4B32AC1E1C7596CD00F898BD /* Bitmap7.png */ = {isa = PBXFileReference; lastKnownFileType = image.png; path = Bitmap7.png; sourceTree = "<group>"; };
		4B32AC1F1C7596CD00F898BD /* Bitmap8.png */ = {isa = PBXFileReference; lastKnownFileType = image.png; path = Bitmap8.png; sourceTree = "<group>"; };
		4B32BC0B1C5A0CF700139842 /* TableHeader.xib */ = {isa = PBXFileReference; fileEncoding = 4; lastKnownFileType = file.xib; path = TableHeader.xib; sourceTree = "<group>"; };
		4B32BC0D1C5A0D5A00139842 /* TableHeader.swift */ = {isa = PBXFileReference; fileEncoding = 4; lastKnownFileType = sourcecode.swift; path = TableHeader.swift; sourceTree = "<group>"; };
		4B33328E1C66AE7E008525FC /* BalanceTableViewController.swift */ = {isa = PBXFileReference; fileEncoding = 4; lastKnownFileType = sourcecode.swift; path = BalanceTableViewController.swift; sourceTree = "<group>"; };
		4B43B57E1C4E11B2003D0E7C /* PageViewControllerWrapper.swift */ = {isa = PBXFileReference; fileEncoding = 4; lastKnownFileType = sourcecode.swift; path = PageViewControllerWrapper.swift; sourceTree = "<group>"; };
		4B43B5821C4E5C71003D0E7C /* MyPageViewControllerDataSource.swift */ = {isa = PBXFileReference; fileEncoding = 4; lastKnownFileType = sourcecode.swift; path = MyPageViewControllerDataSource.swift; sourceTree = "<group>"; };
		4B46FCAF1C4231140010EB19 /* ViewRecordViewController.swift */ = {isa = PBXFileReference; fileEncoding = 4; lastKnownFileType = sourcecode.swift; path = ViewRecordViewController.swift; sourceTree = "<group>"; };
		4B4C9F291C195F7100BF2ED4 /* DatePickerViewController.swift */ = {isa = PBXFileReference; fileEncoding = 4; lastKnownFileType = sourcecode.swift; path = DatePickerViewController.swift; sourceTree = "<group>"; };
		4B5021D01C4F6999000E44AA /* Resources.swift */ = {isa = PBXFileReference; fileEncoding = 4; lastKnownFileType = sourcecode.swift; path = Resources.swift; sourceTree = "<group>"; };
		4BB15C4B1C2B859E00D7BD1C /* Tag+CoreDataProperties.swift */ = {isa = PBXFileReference; fileEncoding = 4; lastKnownFileType = sourcecode.swift; name = "Tag+CoreDataProperties.swift"; path = "SwiftAccountBook/Tag+CoreDataProperties.swift"; sourceTree = "<group>"; };
		4BB15C4C1C2B859E00D7BD1C /* Tag.swift */ = {isa = PBXFileReference; fileEncoding = 4; lastKnownFileType = sourcecode.swift; name = Tag.swift; path = SwiftAccountBook/Tag.swift; sourceTree = "<group>"; };
		4BB15C4F1C2B867C00D7BD1C /* Record+CoreDataProperties.swift */ = {isa = PBXFileReference; fileEncoding = 4; lastKnownFileType = sourcecode.swift; name = "Record+CoreDataProperties.swift"; path = "SwiftAccountBook/Record+CoreDataProperties.swift"; sourceTree = "<group>"; };
		4BB15C501C2B867C00D7BD1C /* Record.swift */ = {isa = PBXFileReference; fileEncoding = 4; lastKnownFileType = sourcecode.swift; name = Record.swift; path = SwiftAccountBook/Record.swift; sourceTree = "<group>"; };
		4BB15C541C2BC7FC00D7BD1C /* DataModel.xcdatamodel */ = {isa = PBXFileReference; lastKnownFileType = wrapper.xcdatamodel; path = DataModel.xcdatamodel; sourceTree = "<group>"; };
		4BB340881C575A6900F1D647 /* RecordTableViewCellDelegate.swift */ = {isa = PBXFileReference; fileEncoding = 4; lastKnownFileType = sourcecode.swift; path = RecordTableViewCellDelegate.swift; sourceTree = "<group>"; };
		4BD1000A1C44E01100CDE826 /* Theme.swift */ = {isa = PBXFileReference; fileEncoding = 4; lastKnownFileType = sourcecode.swift; path = Theme.swift; sourceTree = "<group>"; };
		4BDBBB281C191E4500F8F5A7 /* PresentDatePickerTransitioningDelegate.swift */ = {isa = PBXFileReference; fileEncoding = 4; lastKnownFileType = sourcecode.swift; path = PresentDatePickerTransitioningDelegate.swift; sourceTree = "<group>"; };
		4BDBBB2A1C191EC100F8F5A7 /* PresentDatePickerPresentationController.swift */ = {isa = PBXFileReference; fileEncoding = 4; lastKnownFileType = sourcecode.swift; path = PresentDatePickerPresentationController.swift; sourceTree = "<group>"; };
		4BE20FA11C2D70F600523D70 /* DateSumTableViewCell.swift */ = {isa = PBXFileReference; fileEncoding = 4; lastKnownFileType = sourcecode.swift; path = DateSumTableViewCell.swift; sourceTree = "<group>"; };
		4BE72E8F1C1C0D1700F46779 /* PickerViewTableViewCell.swift */ = {isa = PBXFileReference; fileEncoding = 4; lastKnownFileType = sourcecode.swift; path = PickerViewTableViewCell.swift; sourceTree = "<group>"; };
		4BED77581BD22DD9004DD518 /* SwiftAccountBook.app */ = {isa = PBXFileReference; explicitFileType = wrapper.application; includeInIndex = 0; path = SwiftAccountBook.app; sourceTree = BUILT_PRODUCTS_DIR; };
		4BED775B1BD22DD9004DD518 /* AppDelegate.swift */ = {isa = PBXFileReference; lastKnownFileType = sourcecode.swift; path = AppDelegate.swift; sourceTree = "<group>"; };
		4BED77601BD22DD9004DD518 /* Base */ = {isa = PBXFileReference; lastKnownFileType = file.storyboard; name = Base; path = Base.lproj/Main.storyboard; sourceTree = "<group>"; };
		4BED77651BD22DD9004DD518 /* Base */ = {isa = PBXFileReference; lastKnownFileType = file.storyboard; name = Base; path = Base.lproj/LaunchScreen.storyboard; sourceTree = "<group>"; };
		4BED77671BD22DD9004DD518 /* Info.plist */ = {isa = PBXFileReference; lastKnownFileType = text.plist.xml; path = Info.plist; sourceTree = "<group>"; };
		4BED776C1BD22DD9004DD518 /* SwiftAccountBookTests.xctest */ = {isa = PBXFileReference; explicitFileType = wrapper.cfbundle; includeInIndex = 0; path = SwiftAccountBookTests.xctest; sourceTree = BUILT_PRODUCTS_DIR; };
		4BED77701BD22DD9004DD518 /* SwiftAccountBookTests.swift */ = {isa = PBXFileReference; lastKnownFileType = sourcecode.swift; path = SwiftAccountBookTests.swift; sourceTree = "<group>"; };
		4BED77721BD22DD9004DD518 /* Info.plist */ = {isa = PBXFileReference; lastKnownFileType = text.plist.xml; path = Info.plist; sourceTree = "<group>"; };
		4BEFE4AE1C3BACAC006F5006 /* RecordView.xib */ = {isa = PBXFileReference; fileEncoding = 4; lastKnownFileType = file.xib; path = RecordView.xib; sourceTree = "<group>"; };
		4BEFE4B21C3BAE21006F5006 /* RecordView.swift */ = {isa = PBXFileReference; fileEncoding = 4; lastKnownFileType = sourcecode.swift; path = RecordView.swift; sourceTree = "<group>"; };
		4BF0F0441C535CB0007F87BA /* MyTabBarViewController.swift */ = {isa = PBXFileReference; fileEncoding = 4; lastKnownFileType = sourcecode.swift; path = MyTabBarViewController.swift; sourceTree = "<group>"; };
		4BF0F0461C537F2B007F87BA /* InCellSeparator.xib */ = {isa = PBXFileReference; fileEncoding = 4; lastKnownFileType = file.xib; path = InCellSeparator.xib; sourceTree = "<group>"; };
		4BFC5D1A1C54C82900F70807 /* TagRecordTableViewCell.swift */ = {isa = PBXFileReference; fileEncoding = 4; lastKnownFileType = sourcecode.swift; path = TagRecordTableViewCell.swift; sourceTree = "<group>"; };
/* End PBXFileReference section */

/* Begin PBXFrameworksBuildPhase section */
		4BED77551BD22DD9004DD518 /* Frameworks */ = {
			isa = PBXFrameworksBuildPhase;
			buildActionMask = 2147483647;
			files = (
			);
			runOnlyForDeploymentPostprocessing = 0;
		};
		4BED77691BD22DD9004DD518 /* Frameworks */ = {
			isa = PBXFrameworksBuildPhase;
			buildActionMask = 2147483647;
			files = (
			);
			runOnlyForDeploymentPostprocessing = 0;
		};
/* End PBXFrameworksBuildPhase section */

/* Begin PBXGroup section */
		4B24D0691C36634400E9264A /* Model */ = {
			isa = PBXGroup;
			children = (
				4B24D05D1C3527DD00E9264A /* MyDataController.swift */,
				42CA4D4CF0E3746D427EC396 /* DayRecords+CoreDataProperties.swift */,
				4B24D0661C36621E00E9264A /* DayRecords.swift */,
				4BB15C4F1C2B867C00D7BD1C /* Record+CoreDataProperties.swift */,
				4BB15C501C2B867C00D7BD1C /* Record.swift */,
				4BB15C4B1C2B859E00D7BD1C /* Tag+CoreDataProperties.swift */,
				4BB15C4C1C2B859E00D7BD1C /* Tag.swift */,
				4BB15C531C2BC7FC00D7BD1C /* DataModel.xcdatamodeld */,
			);
			name = Model;
			path = ..;
			sourceTree = "<group>";
		};
		4B24D06B1C36655A00E9264A /* Controller */ = {
			isa = PBXGroup;
			children = (
				4B24D0611C3652AC00E9264A /* DayRecordTableViewController.swift */,
				4B1026851C0EECD800202B95 /* EditRecordViewController.swift */,
				4B10268B1C0EFC7C00202B95 /* EditRecordViewControllerHeader.swift */,
				4B10268D1C0EFC9500202B95 /* EditRecordViewControllerFooter.swift */,
				4B0A999B1C171DE600E1F8E3 /* SettingsTableViewController.swift */,
				4B0A999D1C1723C700E1F8E3 /* SettingsTableViewCell.swift */,
				4B0A999F1C17256B00E1F8E3 /* SettingsCellDescriptors.plist */,
				4BE72E8F1C1C0D1700F46779 /* PickerViewTableViewCell.swift */,
				4BDBBB281C191E4500F8F5A7 /* PresentDatePickerTransitioningDelegate.swift */,
				4BDBBB2A1C191EC100F8F5A7 /* PresentDatePickerPresentationController.swift */,
				4B4C9F291C195F7100BF2ED4 /* DatePickerViewController.swift */,
				4B14D34B1C1EB938002FE7D0 /* EditTagTableViewCell.swift */,
				4B14D34D1C1EB951002FE7D0 /* EditTagTableViewController.swift */,
				4BE20FA11C2D70F600523D70 /* DateSumTableViewCell.swift */,
				4B46FCAF1C4231140010EB19 /* ViewRecordViewController.swift */,
				4B43B57E1C4E11B2003D0E7C /* PageViewControllerWrapper.swift */,
				4B43B5821C4E5C71003D0E7C /* MyPageViewControllerDataSource.swift */,
				4B2810401C4F304600724713 /* TagRecordTableViewController.swift */,
				4BF0F0441C535CB0007F87BA /* MyTabBarViewController.swift */,
				4B33328E1C66AE7E008525FC /* BalanceTableViewController.swift */,
			);
			name = Controller;
			sourceTree = "<group>";
		};
		4B24D06C1C3666BC00E9264A /* View */ = {
			isa = PBXGroup;
			children = (
				4BED775F1BD22DD9004DD518 /* Main.storyboard */,
				4B12636F1C2E71D900731968 /* RecordSectionHeader.xib */,
				4B1263711C2E7DF000731968 /* RecordSectionHeader.swift */,
				4BED77641BD22DD9004DD518 /* LaunchScreen.storyboard */,
				4BEFE4AE1C3BACAC006F5006 /* RecordView.xib */,
				4BEFE4B21C3BAE21006F5006 /* RecordView.swift */,
				4BD1000A1C44E01100CDE826 /* Theme.swift */,
				4BF0F0461C537F2B007F87BA /* InCellSeparator.xib */,
				4B32BC0B1C5A0CF700139842 /* TableHeader.xib */,
				4B24D0631C3659C200E9264A /* DayRecordTableViewCell.swift */,
				4B1026871C0EF5EF00202B95 /* TagCollectionViewCell.swift */,
				4BFC5D1A1C54C82900F70807 /* TagRecordTableViewCell.swift */,
				4BB340881C575A6900F1D647 /* RecordTableViewCellDelegate.swift */,
				4B32BC0D1C5A0D5A00139842 /* TableHeader.swift */,
			);
			name = View;
			sourceTree = "<group>";
		};
		4B32AC171C7596A400F898BD /* ScreeanShots */ = {
			isa = PBXGroup;
			children = (
				4B32AC181C7596CD00F898BD /* Bitmap1.png */,
				4B32AC191C7596CD00F898BD /* Bitmap2.png */,
				4B32AC1A1C7596CD00F898BD /* Bitmap3.png */,
				4B32AC1B1C7596CD00F898BD /* Bitmap4.png */,
				4B32AC1C1C7596CD00F898BD /* Bitmap5.png */,
				4B32AC1D1C7596CD00F898BD /* Bitmap6.png */,
				4B32AC1E1C7596CD00F898BD /* Bitmap7.png */,
				4B32AC1F1C7596CD00F898BD /* Bitmap8.png */,
			);
			name = ScreeanShots;
			sourceTree = "<group>";
		};
		4BED774F1BD22DD9004DD518 = {
			isa = PBXGroup;
			children = (
				4B32AC171C7596A400F898BD /* ScreeanShots */,
				4BED775A1BD22DD9004DD518 /* SwiftAccountBook */,
				4BED776F1BD22DD9004DD518 /* SwiftAccountBookTests */,
				4BED77591BD22DD9004DD518 /* Products */,
			);
			sourceTree = "<group>";
		};
		4BED77591BD22DD9004DD518 /* Products */ = {
			isa = PBXGroup;
			children = (
				4BED77581BD22DD9004DD518 /* SwiftAccountBook.app */,
				4BED776C1BD22DD9004DD518 /* SwiftAccountBookTests.xctest */,
			);
			name = Products;
			sourceTree = "<group>";
		};
		4BED775A1BD22DD9004DD518 /* SwiftAccountBook */ = {
			isa = PBXGroup;
			children = (
				4B24D06C1C3666BC00E9264A /* View */,
				4B24D06B1C36655A00E9264A /* Controller */,
				4B24D0691C36634400E9264A /* Model */,
				4B21099C1C155557001ED0C2 /* Assets.xcassets */,
				4BED775B1BD22DD9004DD518 /* AppDelegate.swift */,
				4B1026BB1C1067B300202B95 /* Constants.swift */,
				4B5021D01C4F6999000E44AA /* Resources.swift */,
				4BED77671BD22DD9004DD518 /* Info.plist */,
				4B24D05F1C364B1C00E9264A /* Utils.swift */,
				4B1040D61C4E70CF009E3959 /* Settings.swift */,
			);
			path = SwiftAccountBook;
			sourceTree = "<group>";
		};
		4BED776F1BD22DD9004DD518 /* SwiftAccountBookTests */ = {
			isa = PBXGroup;
			children = (
				4BED77701BD22DD9004DD518 /* SwiftAccountBookTests.swift */,
				4BED77721BD22DD9004DD518 /* Info.plist */,
			);
			path = SwiftAccountBookTests;
			sourceTree = "<group>";
		};
/* End PBXGroup section */

/* Begin PBXNativeTarget section */
		4BED77571BD22DD9004DD518 /* SwiftAccountBook */ = {
			isa = PBXNativeTarget;
			buildConfigurationList = 4BED77751BD22DD9004DD518 /* Build configuration list for PBXNativeTarget "SwiftAccountBook" */;
			buildPhases = (
				4BED77541BD22DD9004DD518 /* Sources */,
				4BED77551BD22DD9004DD518 /* Frameworks */,
				4BED77561BD22DD9004DD518 /* Resources */,
			);
			buildRules = (
			);
			dependencies = (
			);
			name = SwiftAccountBook;
			productName = SwiftAccountBook;
			productReference = 4BED77581BD22DD9004DD518 /* SwiftAccountBook.app */;
			productType = "com.apple.product-type.application";
		};
		4BED776B1BD22DD9004DD518 /* SwiftAccountBookTests */ = {
			isa = PBXNativeTarget;
			buildConfigurationList = 4BED77781BD22DD9004DD518 /* Build configuration list for PBXNativeTarget "SwiftAccountBookTests" */;
			buildPhases = (
				4BED77681BD22DD9004DD518 /* Sources */,
				4BED77691BD22DD9004DD518 /* Frameworks */,
				4BED776A1BD22DD9004DD518 /* Resources */,
			);
			buildRules = (
			);
			dependencies = (
				4BED776E1BD22DD9004DD518 /* PBXTargetDependency */,
			);
			name = SwiftAccountBookTests;
			productName = SwiftAccountBookTests;
			productReference = 4BED776C1BD22DD9004DD518 /* SwiftAccountBookTests.xctest */;
			productType = "com.apple.product-type.bundle.unit-test";
		};
/* End PBXNativeTarget section */

/* Begin PBXProject section */
		4BED77501BD22DD9004DD518 /* Project object */ = {
			isa = PBXProject;
			attributes = {
				LastUpgradeCheck = 0700;
				ORGANIZATIONNAME = "王森";
				TargetAttributes = {
					4BED77571BD22DD9004DD518 = {
						CreatedOnToolsVersion = 7.0.1;
						DevelopmentTeam = 793RUUXLDW;
					};
					4BED776B1BD22DD9004DD518 = {
						CreatedOnToolsVersion = 7.0.1;
						TestTargetID = 4BED77571BD22DD9004DD518;
					};
				};
			};
			buildConfigurationList = 4BED77531BD22DD9004DD518 /* Build configuration list for PBXProject "SwiftAccountBook" */;
			compatibilityVersion = "Xcode 3.2";
			developmentRegion = English;
			hasScannedForEncodings = 0;
			knownRegions = (
				en,
				Base,
			);
			mainGroup = 4BED774F1BD22DD9004DD518;
			productRefGroup = 4BED77591BD22DD9004DD518 /* Products */;
			projectDirPath = "";
			projectRoot = "";
			targets = (
				4BED77571BD22DD9004DD518 /* SwiftAccountBook */,
				4BED776B1BD22DD9004DD518 /* SwiftAccountBookTests */,
			);
		};
/* End PBXProject section */

/* Begin PBXResourcesBuildPhase section */
		4BED77561BD22DD9004DD518 /* Resources */ = {
			isa = PBXResourcesBuildPhase;
			buildActionMask = 2147483647;
			files = (
				4BED77661BD22DD9004DD518 /* LaunchScreen.storyboard in Resources */,
				4B32AC251C7596CD00F898BD /* Bitmap6.png in Resources */,
				4B32BC0C1C5A0CF700139842 /* TableHeader.xib in Resources */,
				4B32AC271C7596CD00F898BD /* Bitmap8.png in Resources */,
				4B32AC221C7596CD00F898BD /* Bitmap3.png in Resources */,
				4B0A99A01C17256B00E1F8E3 /* SettingsCellDescriptors.plist in Resources */,
				4B32AC211C7596CD00F898BD /* Bitmap2.png in Resources */,
				4B1263701C2E71D900731968 /* RecordSectionHeader.xib in Resources */,
				4BF0F0471C537F2B007F87BA /* InCellSeparator.xib in Resources */,
				4B32AC261C7596CD00F898BD /* Bitmap7.png in Resources */,
				4B32AC201C7596CD00F898BD /* Bitmap1.png in Resources */,
				4B21099D1C155557001ED0C2 /* Assets.xcassets in Resources */,
				4B32AC241C7596CD00F898BD /* Bitmap5.png in Resources */,
				4BED77611BD22DD9004DD518 /* Main.storyboard in Resources */,
				4BEFE4AF1C3BACAC006F5006 /* RecordView.xib in Resources */,
				4B32AC231C7596CD00F898BD /* Bitmap4.png in Resources */,
			);
			runOnlyForDeploymentPostprocessing = 0;
		};
		4BED776A1BD22DD9004DD518 /* Resources */ = {
			isa = PBXResourcesBuildPhase;
			buildActionMask = 2147483647;
			files = (
			);
			runOnlyForDeploymentPostprocessing = 0;
		};
/* End PBXResourcesBuildPhase section */

/* Begin PBXSourcesBuildPhase section */
		4BED77541BD22DD9004DD518 /* Sources */ = {
			isa = PBXSourcesBuildPhase;
			buildActionMask = 2147483647;
			files = (
				4B1026BC1C1067B300202B95 /* Constants.swift in Sources */,
				4B10268C1C0EFC7C00202B95 /* EditRecordViewControllerHeader.swift in Sources */,
				4B24D0601C364B1C00E9264A /* Utils.swift in Sources */,
				4BE72E901C1C0D1700F46779 /* PickerViewTableViewCell.swift in Sources */,
				4B24D0641C3659C200E9264A /* DayRecordTableViewCell.swift in Sources */,
				4BDBBB291C191E4500F8F5A7 /* PresentDatePickerTransitioningDelegate.swift in Sources */,
				4B43B57F1C4E11B2003D0E7C /* PageViewControllerWrapper.swift in Sources */,
				4B24D0621C3652AC00E9264A /* DayRecordTableViewController.swift in Sources */,
				4B0A999E1C1723C700E1F8E3 /* SettingsTableViewCell.swift in Sources */,
				4B10268E1C0EFC9500202B95 /* EditRecordViewControllerFooter.swift in Sources */,
				4B24D05E1C3527DD00E9264A /* MyDataController.swift in Sources */,
				4B2810411C4F304600724713 /* TagRecordTableViewController.swift in Sources */,
				4B5021D11C4F6999000E44AA /* Resources.swift in Sources */,
				4B0A999C1C171DE600E1F8E3 /* SettingsTableViewController.swift in Sources */,
				4BB15C551C2BC7FC00D7BD1C /* DataModel.xcdatamodeld in Sources */,
				4BED775C1BD22DD9004DD518 /* AppDelegate.swift in Sources */,
				4BF0F0451C535CB0007F87BA /* MyTabBarViewController.swift in Sources */,
				4BE20FA21C2D70F600523D70 /* DateSumTableViewCell.swift in Sources */,
				4B14D34E1C1EB951002FE7D0 /* EditTagTableViewController.swift in Sources */,
				4B1040D71C4E70CF009E3959 /* Settings.swift in Sources */,
				4B1263721C2E7DF000731968 /* RecordSectionHeader.swift in Sources */,
				4B24D0681C36621E00E9264A /* DayRecords.swift in Sources */,
				4BB15C4E1C2B859E00D7BD1C /* Tag.swift in Sources */,
				4B46FCB01C4231140010EB19 /* ViewRecordViewController.swift in Sources */,
				4B43B5831C4E5C71003D0E7C /* MyPageViewControllerDataSource.swift in Sources */,
				4BB15C521C2B867C00D7BD1C /* Record.swift in Sources */,
				4B14D34C1C1EB938002FE7D0 /* EditTagTableViewCell.swift in Sources */,
				4BFC5D1B1C54C82900F70807 /* TagRecordTableViewCell.swift in Sources */,
				4B1026881C0EF5EF00202B95 /* TagCollectionViewCell.swift in Sources */,
				4BEFE4B31C3BAE21006F5006 /* RecordView.swift in Sources */,
				4B4C9F2A1C195F7100BF2ED4 /* DatePickerViewController.swift in Sources */,
				4BB15C4D1C2B859E00D7BD1C /* Tag+CoreDataProperties.swift in Sources */,
				4B1026861C0EECD800202B95 /* EditRecordViewController.swift in Sources */,
				4BDBBB2B1C191EC100F8F5A7 /* PresentDatePickerPresentationController.swift in Sources */,
				4BB340891C575A6900F1D647 /* RecordTableViewCellDelegate.swift in Sources */,
				4BB15C511C2B867C00D7BD1C /* Record+CoreDataProperties.swift in Sources */,
				42CA4CEB669B8C471F75306C /* DayRecords+CoreDataProperties.swift in Sources */,
				4B33328F1C66AE7E008525FC /* BalanceTableViewController.swift in Sources */,
				4BD1000B1C44E01100CDE826 /* Theme.swift in Sources */,
				4B32BC0E1C5A0D5A00139842 /* TableHeader.swift in Sources */,
			);
			runOnlyForDeploymentPostprocessing = 0;
		};
		4BED77681BD22DD9004DD518 /* Sources */ = {
			isa = PBXSourcesBuildPhase;
			buildActionMask = 2147483647;
			files = (
				4BED77711BD22DD9004DD518 /* SwiftAccountBookTests.swift in Sources */,
			);
			runOnlyForDeploymentPostprocessing = 0;
		};
/* End PBXSourcesBuildPhase section */

/* Begin PBXTargetDependency section */
		4BED776E1BD22DD9004DD518 /* PBXTargetDependency */ = {
			isa = PBXTargetDependency;
			target = 4BED77571BD22DD9004DD518 /* SwiftAccountBook */;
			targetProxy = 4BED776D1BD22DD9004DD518 /* PBXContainerItemProxy */;
		};
/* End PBXTargetDependency section */

/* Begin PBXVariantGroup section */
		4BED775F1BD22DD9004DD518 /* Main.storyboard */ = {
			isa = PBXVariantGroup;
			children = (
				4BED77601BD22DD9004DD518 /* Base */,
			);
			name = Main.storyboard;
			sourceTree = "<group>";
		};
		4BED77641BD22DD9004DD518 /* LaunchScreen.storyboard */ = {
			isa = PBXVariantGroup;
			children = (
				4BED77651BD22DD9004DD518 /* Base */,
			);
			name = LaunchScreen.storyboard;
			sourceTree = "<group>";
		};
/* End PBXVariantGroup section */

/* Begin XCBuildConfiguration section */
		4BED77731BD22DD9004DD518 /* Debug */ = {
			isa = XCBuildConfiguration;
			buildSettings = {
				ALWAYS_SEARCH_USER_PATHS = NO;
				CLANG_CXX_LANGUAGE_STANDARD = "gnu++0x";
				CLANG_CXX_LIBRARY = "libc++";
				CLANG_ENABLE_MODULES = YES;
				CLANG_ENABLE_OBJC_ARC = YES;
				CLANG_WARN_BOOL_CONVERSION = YES;
				CLANG_WARN_CONSTANT_CONVERSION = YES;
				CLANG_WARN_DIRECT_OBJC_ISA_USAGE = YES_ERROR;
				CLANG_WARN_EMPTY_BODY = YES;
				CLANG_WARN_ENUM_CONVERSION = YES;
				CLANG_WARN_INT_CONVERSION = YES;
				CLANG_WARN_OBJC_ROOT_CLASS = YES_ERROR;
				CLANG_WARN_UNREACHABLE_CODE = YES;
				CLANG_WARN__DUPLICATE_METHOD_MATCH = YES;
				"CODE_SIGN_IDENTITY[sdk=iphoneos*]" = "iPhone Developer";
				COPY_PHASE_STRIP = NO;
				DEBUG_INFORMATION_FORMAT = dwarf;
				ENABLE_STRICT_OBJC_MSGSEND = YES;
				ENABLE_TESTABILITY = YES;
				GCC_C_LANGUAGE_STANDARD = gnu99;
				GCC_DYNAMIC_NO_PIC = NO;
				GCC_NO_COMMON_BLOCKS = YES;
				GCC_OPTIMIZATION_LEVEL = 0;
				GCC_PREPROCESSOR_DEFINITIONS = (
					"DEBUG=1",
					"$(inherited)",
				);
				GCC_WARN_64_TO_32_BIT_CONVERSION = YES;
				GCC_WARN_ABOUT_RETURN_TYPE = YES_ERROR;
				GCC_WARN_UNDECLARED_SELECTOR = YES;
				GCC_WARN_UNINITIALIZED_AUTOS = YES_AGGRESSIVE;
				GCC_WARN_UNUSED_FUNCTION = YES;
				GCC_WARN_UNUSED_VARIABLE = YES;
				IPHONEOS_DEPLOYMENT_TARGET = 9.0;
				MTL_ENABLE_DEBUG_INFO = YES;
				ONLY_ACTIVE_ARCH = YES;
				SDKROOT = iphoneos;
				SWIFT_OPTIMIZATION_LEVEL = "-Onone";
				TARGETED_DEVICE_FAMILY = "1,2";
			};
			name = Debug;
		};
		4BED77741BD22DD9004DD518 /* Release */ = {
			isa = XCBuildConfiguration;
			buildSettings = {
				ALWAYS_SEARCH_USER_PATHS = NO;
				CLANG_CXX_LANGUAGE_STANDARD = "gnu++0x";
				CLANG_CXX_LIBRARY = "libc++";
				CLANG_ENABLE_MODULES = YES;
				CLANG_ENABLE_OBJC_ARC = YES;
				CLANG_WARN_BOOL_CONVERSION = YES;
				CLANG_WARN_CONSTANT_CONVERSION = YES;
				CLANG_WARN_DIRECT_OBJC_ISA_USAGE = YES_ERROR;
				CLANG_WARN_EMPTY_BODY = YES;
				CLANG_WARN_ENUM_CONVERSION = YES;
				CLANG_WARN_INT_CONVERSION = YES;
				CLANG_WARN_OBJC_ROOT_CLASS = YES_ERROR;
				CLANG_WARN_UNREACHABLE_CODE = YES;
				CLANG_WARN__DUPLICATE_METHOD_MATCH = YES;
				"CODE_SIGN_IDENTITY[sdk=iphoneos*]" = "iPhone Developer";
				COPY_PHASE_STRIP = NO;
				DEBUG_INFORMATION_FORMAT = "dwarf-with-dsym";
				ENABLE_NS_ASSERTIONS = NO;
				ENABLE_STRICT_OBJC_MSGSEND = YES;
				GCC_C_LANGUAGE_STANDARD = gnu99;
				GCC_NO_COMMON_BLOCKS = YES;
				GCC_WARN_64_TO_32_BIT_CONVERSION = YES;
				GCC_WARN_ABOUT_RETURN_TYPE = YES_ERROR;
				GCC_WARN_UNDECLARED_SELECTOR = YES;
				GCC_WARN_UNINITIALIZED_AUTOS = YES_AGGRESSIVE;
				GCC_WARN_UNUSED_FUNCTION = YES;
				GCC_WARN_UNUSED_VARIABLE = YES;
				IPHONEOS_DEPLOYMENT_TARGET = 9.0;
				MTL_ENABLE_DEBUG_INFO = NO;
				SDKROOT = iphoneos;
				TARGETED_DEVICE_FAMILY = "1,2";
				VALIDATE_PRODUCT = YES;
			};
			name = Release;
		};
		4BED77761BD22DD9004DD518 /* Debug */ = {
			isa = XCBuildConfiguration;
			buildSettings = {
				ASSETCATALOG_COMPILER_APPICON_NAME = AppIcon;
				CODE_SIGN_IDENTITY = "iPhone Developer";
				"CODE_SIGN_IDENTITY[sdk=iphoneos*]" = "iPhone Developer";
				INFOPLIST_FILE = SwiftAccountBook/Info.plist;
				LD_RUNPATH_SEARCH_PATHS = "$(inherited) @executable_path/Frameworks";
				PRODUCT_BUNDLE_IDENTIFIER = me.sen.SwiftAccountBook;
				PRODUCT_NAME = "$(TARGET_NAME)";
				PROVISIONING_PROFILE = "";
			};
			name = Debug;
		};
		4BED77771BD22DD9004DD518 /* Release */ = {
			isa = XCBuildConfiguration;
			buildSettings = {
				ASSETCATALOG_COMPILER_APPICON_NAME = AppIcon;
				CODE_SIGN_IDENTITY = "iPhone Developer";
				"CODE_SIGN_IDENTITY[sdk=iphoneos*]" = "iPhone Developer";
				INFOPLIST_FILE = SwiftAccountBook/Info.plist;
				LD_RUNPATH_SEARCH_PATHS = "$(inherited) @executable_path/Frameworks";
				PRODUCT_BUNDLE_IDENTIFIER = me.sen.SwiftAccountBook;
				PRODUCT_NAME = "$(TARGET_NAME)";
				PROVISIONING_PROFILE = "";
			};
			name = Release;
		};
		4BED77791BD22DD9004DD518 /* Debug */ = {
			isa = XCBuildConfiguration;
			buildSettings = {
				BUNDLE_LOADER = "$(TEST_HOST)";
				INFOPLIST_FILE = SwiftAccountBookTests/Info.plist;
				LD_RUNPATH_SEARCH_PATHS = "$(inherited) @executable_path/Frameworks @loader_path/Frameworks";
				PRODUCT_BUNDLE_IDENTIFIER = me.sen.SwiftAccountBookTests;
				PRODUCT_NAME = "$(TARGET_NAME)";
				TEST_HOST = "$(BUILT_PRODUCTS_DIR)/SwiftAccountBook.app/SwiftAccountBook";
			};
			name = Debug;
		};
		4BED777A1BD22DD9004DD518 /* Release */ = {
			isa = XCBuildConfiguration;
			buildSettings = {
				BUNDLE_LOADER = "$(TEST_HOST)";
				INFOPLIST_FILE = SwiftAccountBookTests/Info.plist;
				LD_RUNPATH_SEARCH_PATHS = "$(inherited) @executable_path/Frameworks @loader_path/Frameworks";
				PRODUCT_BUNDLE_IDENTIFIER = me.sen.SwiftAccountBookTests;
				PRODUCT_NAME = "$(TARGET_NAME)";
				TEST_HOST = "$(BUILT_PRODUCTS_DIR)/SwiftAccountBook.app/SwiftAccountBook";
			};
			name = Release;
		};
/* End XCBuildConfiguration section */

/* Begin XCConfigurationList section */
		4BED77531BD22DD9004DD518 /* Build configuration list for PBXProject "SwiftAccountBook" */ = {
			isa = XCConfigurationList;
			buildConfigurations = (
				4BED77731BD22DD9004DD518 /* Debug */,
				4BED77741BD22DD9004DD518 /* Release */,
			);
			defaultConfigurationIsVisible = 0;
			defaultConfigurationName = Release;
		};
		4BED77751BD22DD9004DD518 /* Build configuration list for PBXNativeTarget "SwiftAccountBook" */ = {
			isa = XCConfigurationList;
			buildConfigurations = (
				4BED77761BD22DD9004DD518 /* Debug */,
				4BED77771BD22DD9004DD518 /* Release */,
			);
			defaultConfigurationIsVisible = 0;
			defaultConfigurationName = Release;
		};
		4BED77781BD22DD9004DD518 /* Build configuration list for PBXNativeTarget "SwiftAccountBookTests" */ = {
			isa = XCConfigurationList;
			buildConfigurations = (
				4BED77791BD22DD9004DD518 /* Debug */,
				4BED777A1BD22DD9004DD518 /* Release */,
			);
			defaultConfigurationIsVisible = 0;
			defaultConfigurationName = Release;
		};
/* End XCConfigurationList section */

/* Begin XCVersionGroup section */
		4BB15C531C2BC7FC00D7BD1C /* DataModel.xcdatamodeld */ = {
			isa = XCVersionGroup;
			children = (
				4BB15C541C2BC7FC00D7BD1C /* DataModel.xcdatamodel */,
			);
			currentVersion = 4BB15C541C2BC7FC00D7BD1C /* DataModel.xcdatamodel */;
			name = DataModel.xcdatamodeld;
			path = SwiftAccountBook/DataModel.xcdatamodeld;
			sourceTree = "<group>";
			versionGroupType = wrapper.xcdatamodel;
		};
/* End XCVersionGroup section */
	};
	rootObject = 4BED77501BD22DD9004DD518 /* Project object */;
}
